
Microsoft Visual Studio Solution File, Format Version 12.00
# Visual Studio 14
VisualStudioVersion = 14.0.24720.0
MinimumVisualStudioVersion = 10.0.40219.1
Project("{FAE04EC0-301F-11D3-BF4B-00C04F79EFBC}") = "WarsawCityGamesServer.Entities", "WarsawCityGamesServer.Entities\WarsawCityGamesServer.Entities.csproj", "{C45CA7DC-FE60-4C69-B6FA-6F8C96B3A560}"
	ProjectSection(ProjectDependencies) = postProject
		{E83ACFCD-1FCB-4D55-BC75-136ED3AEA983} = {E83ACFCD-1FCB-4D55-BC75-136ED3AEA983}
	EndProjectSection
EndProject
Project("{FAE04EC0-301F-11D3-BF4B-00C04F79EFBC}") = "WarsawCityGamesServer.Services", "WarsawCityGamesServer.Services\WarsawCityGamesServer.Services.csproj", "{B1F8DA27-7DE4-4A51-8501-DA3724149590}"
	ProjectSection(ProjectDependencies) = postProject
		{5AFB1E01-6751-4CD0-ABC2-65AB63C59F61} = {5AFB1E01-6751-4CD0-ABC2-65AB63C59F61}
		{E83ACFCD-1FCB-4D55-BC75-136ED3AEA983} = {E83ACFCD-1FCB-4D55-BC75-136ED3AEA983}
		{C45CA7DC-FE60-4C69-B6FA-6F8C96B3A560} = {C45CA7DC-FE60-4C69-B6FA-6F8C96B3A560}
	EndProjectSection
EndProject
Project("{FAE04EC0-301F-11D3-BF4B-00C04F79EFBC}") = "WarsawCityGamesServer.Common", "WarsawCityGamesServer.Common\WarsawCityGamesServer.Common.csproj", "{E83ACFCD-1FCB-4D55-BC75-136ED3AEA983}"
EndProject
Project("{FAE04EC0-301F-11D3-BF4B-00C04F79EFBC}") = "WarsawCityGamesServer.Models", "WarsawCityGamesServer.Models\WarsawCityGamesServer.Models.csproj", "{5AFB1E01-6751-4CD0-ABC2-65AB63C59F61}"
	ProjectSection(ProjectDependencies) = postProject
		{E83ACFCD-1FCB-4D55-BC75-136ED3AEA983} = {E83ACFCD-1FCB-4D55-BC75-136ED3AEA983}
	EndProjectSection
EndProject
Project("{FAE04EC0-301F-11D3-BF4B-00C04F79EFBC}") = "WarsawCityGamesServer.DataAccess", "WarsawCityGamesServer.DataAccess\WarsawCityGamesServer.DataAccess.csproj", "{76285842-CF7E-40CA-B32D-90789AE7137C}"
EndProject
Global
	GlobalSection(SolutionConfigurationPlatforms) = preSolution
		Debug|Any CPU = Debug|Any CPU
		Release|Any CPU = Release|Any CPU
	EndGlobalSection
	GlobalSection(ProjectConfigurationPlatforms) = postSolution
		{C45CA7DC-FE60-4C69-B6FA-6F8C96B3A560}.Debug|Any CPU.ActiveCfg = Debug|Any CPU
		{C45CA7DC-FE60-4C69-B6FA-6F8C96B3A560}.Debug|Any CPU.Build.0 = Debug|Any CPU
		{C45CA7DC-FE60-4C69-B6FA-6F8C96B3A560}.Release|Any CPU.ActiveCfg = Release|Any CPU
		{C45CA7DC-FE60-4C69-B6FA-6F8C96B3A560}.Release|Any CPU.Build.0 = Release|Any CPU
		{B1F8DA27-7DE4-4A51-8501-DA3724149590}.Debug|Any CPU.ActiveCfg = Debug|Any CPU
		{B1F8DA27-7DE4-4A51-8501-DA3724149590}.Debug|Any CPU.Build.0 = Debug|Any CPU
		{B1F8DA27-7DE4-4A51-8501-DA3724149590}.Release|Any CPU.ActiveCfg = Release|Any CPU
		{B1F8DA27-7DE4-4A51-8501-DA3724149590}.Release|Any CPU.Build.0 = Release|Any CPU
		{E83ACFCD-1FCB-4D55-BC75-136ED3AEA983}.Debug|Any CPU.ActiveCfg = Debug|Any CPU
		{E83ACFCD-1FCB-4D55-BC75-136ED3AEA983}.Debug|Any CPU.Build.0 = Debug|Any CPU
		{E83ACFCD-1FCB-4D55-BC75-136ED3AEA983}.Release|Any CPU.ActiveCfg = Release|Any CPU
		{E83ACFCD-1FCB-4D55-BC75-136ED3AEA983}.Release|Any CPU.Build.0 = Release|Any CPU
		{5AFB1E01-6751-4CD0-ABC2-65AB63C59F61}.Debug|Any CPU.ActiveCfg = Debug|Any CPU
		{5AFB1E01-6751-4CD0-ABC2-65AB63C59F61}.Debug|Any CPU.Build.0 = Debug|Any CPU
		{5AFB1E01-6751-4CD0-ABC2-65AB63C59F61}.Release|Any CPU.ActiveCfg = Release|Any CPU
		{5AFB1E01-6751-4CD0-ABC2-65AB63C59F61}.Release|Any CPU.Build.0 = Release|Any CPU
		{76285842-CF7E-40CA-B32D-90789AE7137C}.Debug|Any CPU.ActiveCfg = Debug|Any CPU
		{76285842-CF7E-40CA-B32D-90789AE7137C}.Debug|Any CPU.Build.0 = Debug|Any CPU
		{76285842-CF7E-40CA-B32D-90789AE7137C}.Release|Any CPU.ActiveCfg = Release|Any CPU
		{76285842-CF7E-40CA-B32D-90789AE7137C}.Release|Any CPU.Build.0 = Release|Any CPU
	EndGlobalSection
	GlobalSection(SolutionProperties) = preSolution
		HideSolutionNode = FALSE
	EndGlobalSection
EndGlobal
